
Microsoft Visual Studio Solution File, Format Version 12.00
# Visual Studio Version 16
VisualStudioVersion = 16.0.30804.86
MinimumVisualStudioVersion = 10.0.40219.1
Project("{2150E333-8FDC-42A3-9474-1A3956D46DE8}") = "src", "src", "{B88EF027-D908-4BBB-A1C5-F9AE99A65153}"
EndProject
Project("{2150E333-8FDC-42A3-9474-1A3956D46DE8}") = "Transversal", "Transversal", "{1A9BFECD-B0A2-4A03-9277-8DCB5475324F}"
EndProject
Project("{9A19103F-16F7-4668-BE54-9A1E7A4F7556}") = "Transversal.Common", "src\Transversal\Transversal.Common\Transversal.Common.csproj", "{08118C71-3500-4B8A-AAF0-5E4A615578ED}"
EndProject
Project("{9A19103F-16F7-4668-BE54-9A1E7A4F7556}") = "Transversal.Mapper", "src\Transversal\Transversal.Mapper\Transversal.Mapper.csproj", "{8BD1474F-2E92-481D-BA7A-6C1F5E28EAB8}"
EndProject
Project("{2150E333-8FDC-42A3-9474-1A3956D46DE8}") = "Application", "Application", "{0EC0DBBF-2AEC-452C-BD17-849E007B7CE9}"
EndProject
Project("{9A19103F-16F7-4668-BE54-9A1E7A4F7556}") = "Application.DTO", "src\Application\Application.DTO\Application.DTO.csproj", "{371E09D4-7E10-45AB-8CFA-872F5E79CD04}"
EndProject
Project("{9A19103F-16F7-4668-BE54-9A1E7A4F7556}") = "Application.Interfaces", "src\Application\Application.Interfaces\Application.Interfaces.csproj", "{0C2504CA-DECA-487C-BB7B-C85F19BA09FF}"
EndProject
Project("{9A19103F-16F7-4668-BE54-9A1E7A4F7556}") = "Application.Main", "src\Application\Application.Main\Application.Main.csproj", "{398658F6-8D5C-409E-87A1-9A53A43400A6}"
EndProject
Project("{2150E333-8FDC-42A3-9474-1A3956D46DE8}") = "Domain", "Domain", "{8AC9A65A-0043-4205-A6D2-D85779D27409}"
EndProject
Project("{9A19103F-16F7-4668-BE54-9A1E7A4F7556}") = "Domain.Core", "src\Domain\Domain.Core\Domain.Core.csproj", "{C931847F-E8FA-447F-B9C7-C3A8F28380BB}"
EndProject
Project("{9A19103F-16F7-4668-BE54-9A1E7A4F7556}") = "Domain.Entity", "src\Domain\Domain.Entity\Domain.Entity.csproj", "{E3BAD534-A2F3-4F27-B6BD-CE88110753F5}"
EndProject
Project("{9A19103F-16F7-4668-BE54-9A1E7A4F7556}") = "Domain.Interfaces", "src\Domain\Domain.Interfaces\Domain.Interfaces.csproj", "{06C11CB3-E76B-4E4E-A431-98FF91C6061D}"
EndProject
Project("{2150E333-8FDC-42A3-9474-1A3956D46DE8}") = "Infrastructure", "Infrastructure", "{060E0EE7-C2DF-4ED3-8034-91A798DD64C6}"
EndProject
Project("{9A19103F-16F7-4668-BE54-9A1E7A4F7556}") = "Infrastructure.Data", "src\Infrastructure\Infrastructure.Data\Infrastructure.Data.csproj", "{EDFC564C-D0C3-4793-B9BB-0FD63091C675}"
EndProject
Project("{9A19103F-16F7-4668-BE54-9A1E7A4F7556}") = "Infrastructure.Interfaces", "src\Infrastructure\Infrastructure.Interfaces\Infrastructure.Interfaces.csproj", "{76FA5D6D-311A-49EF-A186-792E82AB5754}"
EndProject
Project("{9A19103F-16F7-4668-BE54-9A1E7A4F7556}") = "Infrastructure.Repository", "src\Infrastructure\Infrastructure.Repository\Infrastructure.Repository.csproj", "{95BF76CE-00B6-4547-98B8-14F7AA6D2E57}"
EndProject
Project("{2150E333-8FDC-42A3-9474-1A3956D46DE8}") = "Services", "Services", "{EE241891-1FC3-4521-8468-3EEF0AC421EC}"
EndProject
Project("{FAE04EC0-301F-11D3-BF4B-00C04F79EFBC}") = "Services.WebAPI", "src\Services\Services.WebAPI\Services.WebAPI.csproj", "{DAC22D26-9F98-432B-A2F9-ABCD93A819E8}"
EndProject
Project("{2150E333-8FDC-42A3-9474-1A3956D46DE8}") = "UI", "UI", "{97BA5AB0-A16E-456F-9DE9-DD766A4A1B0F}"
EndProject
Project("{FAE04EC0-301F-11D3-BF4B-00C04F79EFBC}") = "UI.WinForms", "src\UI\UI.WinForms\UI.WinForms.csproj", "{8930B0F1-2F1B-465F-8D0D-C3998754BAE4}"
EndProject
Project("{00D1A9C2-B5F0-4AF3-8072-F6C62B433612}") = "Database.SQLServer", "src\Database\Database.SQLServer\Database.SQLServer.sqlproj", "{A25F0206-71AC-422A-9C7E-13A4104766B7}"
EndProject
Project("{2150E333-8FDC-42A3-9474-1A3956D46DE8}") = "testing", "testing", "{203897C6-B632-46A0-AF89-05BE876A4F53}"
EndProject
Project("{FAE04EC0-301F-11D3-BF4B-00C04F79EFBC}") = "UnitTests", "testing\UnitTests\UnitTests.csproj", "{D5F25D39-40DA-4947-8DD2-BBA0849812CE}"
EndProject
Global
	GlobalSection(SolutionConfigurationPlatforms) = preSolution
		Debug|Any CPU = Debug|Any CPU
		Release|Any CPU = Release|Any CPU
	EndGlobalSection
	GlobalSection(ProjectConfigurationPlatforms) = postSolution
		{08118C71-3500-4B8A-AAF0-5E4A615578ED}.Debug|Any CPU.ActiveCfg = Debug|Any CPU
		{08118C71-3500-4B8A-AAF0-5E4A615578ED}.Debug|Any CPU.Build.0 = Debug|Any CPU
		{08118C71-3500-4B8A-AAF0-5E4A615578ED}.Release|Any CPU.ActiveCfg = Release|Any CPU
		{08118C71-3500-4B8A-AAF0-5E4A615578ED}.Release|Any CPU.Build.0 = Release|Any CPU
		{8BD1474F-2E92-481D-BA7A-6C1F5E28EAB8}.Debug|Any CPU.ActiveCfg = Debug|Any CPU
		{8BD1474F-2E92-481D-BA7A-6C1F5E28EAB8}.Debug|Any CPU.Build.0 = Debug|Any CPU
		{8BD1474F-2E92-481D-BA7A-6C1F5E28EAB8}.Release|Any CPU.ActiveCfg = Release|Any CPU
		{8BD1474F-2E92-481D-BA7A-6C1F5E28EAB8}.Release|Any CPU.Build.0 = Release|Any CPU
		{371E09D4-7E10-45AB-8CFA-872F5E79CD04}.Debug|Any CPU.ActiveCfg = Debug|Any CPU
		{371E09D4-7E10-45AB-8CFA-872F5E79CD04}.Debug|Any CPU.Build.0 = Debug|Any CPU
		{371E09D4-7E10-45AB-8CFA-872F5E79CD04}.Release|Any CPU.ActiveCfg = Release|Any CPU
		{371E09D4-7E10-45AB-8CFA-872F5E79CD04}.Release|Any CPU.Build.0 = Release|Any CPU
		{0C2504CA-DECA-487C-BB7B-C85F19BA09FF}.Debug|Any CPU.ActiveCfg = Debug|Any CPU
		{0C2504CA-DECA-487C-BB7B-C85F19BA09FF}.Debug|Any CPU.Build.0 = Debug|Any CPU
		{0C2504CA-DECA-487C-BB7B-C85F19BA09FF}.Release|Any CPU.ActiveCfg = Release|Any CPU
		{0C2504CA-DECA-487C-BB7B-C85F19BA09FF}.Release|Any CPU.Build.0 = Release|Any CPU
		{398658F6-8D5C-409E-87A1-9A53A43400A6}.Debug|Any CPU.ActiveCfg = Debug|Any CPU
		{398658F6-8D5C-409E-87A1-9A53A43400A6}.Debug|Any CPU.Build.0 = Debug|Any CPU
		{398658F6-8D5C-409E-87A1-9A53A43400A6}.Release|Any CPU.ActiveCfg = Release|Any CPU
		{398658F6-8D5C-409E-87A1-9A53A43400A6}.Release|Any CPU.Build.0 = Release|Any CPU
		{C931847F-E8FA-447F-B9C7-C3A8F28380BB}.Debug|Any CPU.ActiveCfg = Debug|Any CPU
		{C931847F-E8FA-447F-B9C7-C3A8F28380BB}.Debug|Any CPU.Build.0 = Debug|Any CPU
		{C931847F-E8FA-447F-B9C7-C3A8F28380BB}.Release|Any CPU.ActiveCfg = Release|Any CPU
		{C931847F-E8FA-447F-B9C7-C3A8F28380BB}.Release|Any CPU.Build.0 = Release|Any CPU
		{E3BAD534-A2F3-4F27-B6BD-CE88110753F5}.Debug|Any CPU.ActiveCfg = Debug|Any CPU
		{E3BAD534-A2F3-4F27-B6BD-CE88110753F5}.Debug|Any CPU.Build.0 = Debug|Any CPU
		{E3BAD534-A2F3-4F27-B6BD-CE88110753F5}.Release|Any CPU.ActiveCfg = Release|Any CPU
		{E3BAD534-A2F3-4F27-B6BD-CE88110753F5}.Release|Any CPU.Build.0 = Release|Any CPU
		{06C11CB3-E76B-4E4E-A431-98FF91C6061D}.Debug|Any CPU.ActiveCfg = Debug|Any CPU
		{06C11CB3-E76B-4E4E-A431-98FF91C6061D}.Debug|Any CPU.Build.0 = Debug|Any CPU
		{06C11CB3-E76B-4E4E-A431-98FF91C6061D}.Release|Any CPU.ActiveCfg = Release|Any CPU
		{06C11CB3-E76B-4E4E-A431-98FF91C6061D}.Release|Any CPU.Build.0 = Release|Any CPU
		{EDFC564C-D0C3-4793-B9BB-0FD63091C675}.Debug|Any CPU.ActiveCfg = Debug|Any CPU
		{EDFC564C-D0C3-4793-B9BB-0FD63091C675}.Debug|Any CPU.Build.0 = Debug|Any CPU
		{EDFC564C-D0C3-4793-B9BB-0FD63091C675}.Release|Any CPU.ActiveCfg = Release|Any CPU
		{EDFC564C-D0C3-4793-B9BB-0FD63091C675}.Release|Any CPU.Build.0 = Release|Any CPU
		{76FA5D6D-311A-49EF-A186-792E82AB5754}.Debug|Any CPU.ActiveCfg = Debug|Any CPU
		{76FA5D6D-311A-49EF-A186-792E82AB5754}.Debug|Any CPU.Build.0 = Debug|Any CPU
		{76FA5D6D-311A-49EF-A186-792E82AB5754}.Release|Any CPU.ActiveCfg = Release|Any CPU
		{76FA5D6D-311A-49EF-A186-792E82AB5754}.Release|Any CPU.Build.0 = Release|Any CPU
		{95BF76CE-00B6-4547-98B8-14F7AA6D2E57}.Debug|Any CPU.ActiveCfg = Debug|Any CPU
		{95BF76CE-00B6-4547-98B8-14F7AA6D2E57}.Debug|Any CPU.Build.0 = Debug|Any CPU
		{95BF76CE-00B6-4547-98B8-14F7AA6D2E57}.Release|Any CPU.ActiveCfg = Release|Any CPU
		{95BF76CE-00B6-4547-98B8-14F7AA6D2E57}.Release|Any CPU.Build.0 = Release|Any CPU
		{DAC22D26-9F98-432B-A2F9-ABCD93A819E8}.Debug|Any CPU.ActiveCfg = Debug|Any CPU
		{DAC22D26-9F98-432B-A2F9-ABCD93A819E8}.Debug|Any CPU.Build.0 = Debug|Any CPU
		{DAC22D26-9F98-432B-A2F9-ABCD93A819E8}.Release|Any CPU.ActiveCfg = Release|Any CPU
		{DAC22D26-9F98-432B-A2F9-ABCD93A819E8}.Release|Any CPU.Build.0 = Release|Any CPU
		{8930B0F1-2F1B-465F-8D0D-C3998754BAE4}.Debug|Any CPU.ActiveCfg = Debug|Any CPU
		{8930B0F1-2F1B-465F-8D0D-C3998754BAE4}.Debug|Any CPU.Build.0 = Debug|Any CPU
		{8930B0F1-2F1B-465F-8D0D-C3998754BAE4}.Release|Any CPU.ActiveCfg = Release|Any CPU
		{8930B0F1-2F1B-465F-8D0D-C3998754BAE4}.Release|Any CPU.Build.0 = Release|Any CPU
		{A25F0206-71AC-422A-9C7E-13A4104766B7}.Debug|Any CPU.ActiveCfg = Debug|Any CPU
		{A25F0206-71AC-422A-9C7E-13A4104766B7}.Debug|Any CPU.Build.0 = Debug|Any CPU
		{A25F0206-71AC-422A-9C7E-13A4104766B7}.Debug|Any CPU.Deploy.0 = Debug|Any CPU
		{A25F0206-71AC-422A-9C7E-13A4104766B7}.Release|Any CPU.ActiveCfg = Release|Any CPU
		{A25F0206-71AC-422A-9C7E-13A4104766B7}.Release|Any CPU.Build.0 = Release|Any CPU
		{A25F0206-71AC-422A-9C7E-13A4104766B7}.Release|Any CPU.Deploy.0 = Release|Any CPU
		{D5F25D39-40DA-4947-8DD2-BBA0849812CE}.Debug|Any CPU.ActiveCfg = Debug|Any CPU
		{D5F25D39-40DA-4947-8DD2-BBA0849812CE}.Debug|Any CPU.Build.0 = Debug|Any CPU
		{D5F25D39-40DA-4947-8DD2-BBA0849812CE}.Release|Any CPU.ActiveCfg = Release|Any CPU
		{D5F25D39-40DA-4947-8DD2-BBA0849812CE}.Release|Any CPU.Build.0 = Release|Any CPU
	EndGlobalSection
	GlobalSection(SolutionProperties) = preSolution
		HideSolutionNode = FALSE
	EndGlobalSection
	GlobalSection(NestedProjects) = preSolution
		{1A9BFECD-B0A2-4A03-9277-8DCB5475324F} = {B88EF027-D908-4BBB-A1C5-F9AE99A65153}
		{08118C71-3500-4B8A-AAF0-5E4A615578ED} = {1A9BFECD-B0A2-4A03-9277-8DCB5475324F}
		{8BD1474F-2E92-481D-BA7A-6C1F5E28EAB8} = {1A9BFECD-B0A2-4A03-9277-8DCB5475324F}
		{0EC0DBBF-2AEC-452C-BD17-849E007B7CE9} = {B88EF027-D908-4BBB-A1C5-F9AE99A65153}
		{371E09D4-7E10-45AB-8CFA-872F5E79CD04} = {0EC0DBBF-2AEC-452C-BD17-849E007B7CE9}
		{0C2504CA-DECA-487C-BB7B-C85F19BA09FF} = {0EC0DBBF-2AEC-452C-BD17-849E007B7CE9}
		{398658F6-8D5C-409E-87A1-9A53A43400A6} = {0EC0DBBF-2AEC-452C-BD17-849E007B7CE9}
		{8AC9A65A-0043-4205-A6D2-D85779D27409} = {B88EF027-D908-4BBB-A1C5-F9AE99A65153}
		{C931847F-E8FA-447F-B9C7-C3A8F28380BB} = {8AC9A65A-0043-4205-A6D2-D85779D27409}
		{E3BAD534-A2F3-4F27-B6BD-CE88110753F5} = {8AC9A65A-0043-4205-A6D2-D85779D27409}
		{06C11CB3-E76B-4E4E-A431-98FF91C6061D} = {8AC9A65A-0043-4205-A6D2-D85779D27409}
		{060E0EE7-C2DF-4ED3-8034-91A798DD64C6} = {B88EF027-D908-4BBB-A1C5-F9AE99A65153}
		{EDFC564C-D0C3-4793-B9BB-0FD63091C675} = {060E0EE7-C2DF-4ED3-8034-91A798DD64C6}
		{76FA5D6D-311A-49EF-A186-792E82AB5754} = {060E0EE7-C2DF-4ED3-8034-91A798DD64C6}
		{95BF76CE-00B6-4547-98B8-14F7AA6D2E57} = {060E0EE7-C2DF-4ED3-8034-91A798DD64C6}
		{EE241891-1FC3-4521-8468-3EEF0AC421EC} = {B88EF027-D908-4BBB-A1C5-F9AE99A65153}
		{DAC22D26-9F98-432B-A2F9-ABCD93A819E8} = {EE241891-1FC3-4521-8468-3EEF0AC421EC}
		{97BA5AB0-A16E-456F-9DE9-DD766A4A1B0F} = {B88EF027-D908-4BBB-A1C5-F9AE99A65153}
		{8930B0F1-2F1B-465F-8D0D-C3998754BAE4} = {97BA5AB0-A16E-456F-9DE9-DD766A4A1B0F}
		{A25F0206-71AC-422A-9C7E-13A4104766B7} = {B88EF027-D908-4BBB-A1C5-F9AE99A65153}
		{D5F25D39-40DA-4947-8DD2-BBA0849812CE} = {203897C6-B632-46A0-AF89-05BE876A4F53}
	EndGlobalSection
	GlobalSection(ExtensibilityGlobals) = postSolution
		SolutionGuid = {F36E298D-6F04-486E-A158-F070A5F58230}
	EndGlobalSection
EndGlobal
